// !$*UTF8*$!
{
	archiveVersion = 1;
	classes = {
	};
	objectVersion = 46;
	objects = {

/* Begin PBXBuildFile section */
		A7741C1E1A86C69B00B64BFE /* main.m in Sources */ = {isa = PBXBuildFile; fileRef = A7741C1D1A86C69B00B64BFE /* main.m */; };
		A7741C211A86C69B00B64BFE /* AppDelegate.m in Sources */ = {isa = PBXBuildFile; fileRef = A7741C201A86C69B00B64BFE /* AppDelegate.m */; };
		A7741C241A86C69B00B64BFE /* ViewController.m in Sources */ = {isa = PBXBuildFile; fileRef = A7741C231A86C69B00B64BFE /* ViewController.m */; };
		A7741C271A86C69B00B64BFE /* Main.storyboard in Resources */ = {isa = PBXBuildFile; fileRef = A7741C251A86C69B00B64BFE /* Main.storyboard */; };
		A7741C291A86C69B00B64BFE /* Images.xcassets in Resources */ = {isa = PBXBuildFile; fileRef = A7741C281A86C69B00B64BFE /* Images.xcassets */; };
		A7741C2C1A86C69B00B64BFE /* LaunchScreen.xib in Resources */ = {isa = PBXBuildFile; fileRef = A7741C2A1A86C69B00B64BFE /* LaunchScreen.xib */; };
		A7741C381A86C69B00B64BFE /* codrTests.m in Sources */ = {isa = PBXBuildFile; fileRef = A7741C371A86C69B00B64BFE /* codrTests.m */; };
/* End PBXBuildFile section */

/* Begin PBXContainerItemProxy section */
		A7741C321A86C69B00B64BFE /* PBXContainerItemProxy */ = {
			isa = PBXContainerItemProxy;
			containerPortal = A7741C101A86C69B00B64BFE /* Project object */;
			proxyType = 1;
			remoteGlobalIDString = A7741C171A86C69B00B64BFE;
			remoteInfo = codr;
		};
/* End PBXContainerItemProxy section */

/* Begin PBXFileReference section */
		A7741C181A86C69B00B64BFE /* codr.app */ = {isa = PBXFileReference; explicitFileType = wrapper.application; includeInIndex = 0; path = codr.app; sourceTree = BUILT_PRODUCTS_DIR; };
		A7741C1C1A86C69B00B64BFE /* Info.plist */ = {isa = PBXFileReference; lastKnownFileType = text.plist.xml; path = Info.plist; sourceTree = "<group>"; };
		A7741C1D1A86C69B00B64BFE /* main.m */ = {isa = PBXFileReference; lastKnownFileType = sourcecode.c.objc; path = main.m; sourceTree = "<group>"; };
		A7741C1F1A86C69B00B64BFE /* AppDelegate.h */ = {isa = PBXFileReference; lastKnownFileType = sourcecode.c.h; path = AppDelegate.h; sourceTree = "<group>"; };
		A7741C201A86C69B00B64BFE /* AppDelegate.m */ = {isa = PBXFileReference; lastKnownFileType = sourcecode.c.objc; path = AppDelegate.m; sourceTree = "<group>"; };
		A7741C221A86C69B00B64BFE /* ViewController.h */ = {isa = PBXFileReference; lastKnownFileType = sourcecode.c.h; path = ViewController.h; sourceTree = "<group>"; };
		A7741C231A86C69B00B64BFE /* ViewController.m */ = {isa = PBXFileReference; lastKnownFileType = sourcecode.c.objc; path = ViewController.m; sourceTree = "<group>"; };
		A7741C261A86C69B00B64BFE /* Base */ = {isa = PBXFileReference; lastKnownFileType = file.storyboard; name = Base; path = Base.lproj/Main.storyboard; sourceTree = "<group>"; };
		A7741C281A86C69B00B64BFE /* Images.xcassets */ = {isa = PBXFileReference; lastKnownFileType = folder.assetcatalog; path = Images.xcassets; sourceTree = "<group>"; };
		A7741C2B1A86C69B00B64BFE /* Base */ = {isa = PBXFileReference; lastKnownFileType = file.xib; name = Base; path = Base.lproj/LaunchScreen.xib; sourceTree = "<group>"; };
		A7741C311A86C69B00B64BFE /* codrTests.xctest */ = {isa = PBXFileReference; explicitFileType = wrapper.cfbundle; includeInIndex = 0; path = codrTests.xctest; sourceTree = BUILT_PRODUCTS_DIR; };
		A7741C361A86C69B00B64BFE /* Info.plist */ = {isa = PBXFileReference; lastKnownFileType = text.plist.xml; path = Info.plist; sourceTree = "<group>"; };
		A7741C371A86C69B00B64BFE /* codrTests.m */ = {isa = PBXFileReference; lastKnownFileType = sourcecode.c.objc; path = codrTests.m; sourceTree = "<group>"; };
/* End PBXFileReference section */

/* Begin PBXFrameworksBuildPhase section */
		A7741C151A86C69B00B64BFE /* Frameworks */ = {
			isa = PBXFrameworksBuildPhase;
			buildActionMask = 2147483647;
			files = (
			);
			runOnlyForDeploymentPostprocessing = 0;
		};
		A7741C2E1A86C69B00B64BFE /* Frameworks */ = {
			isa = PBXFrameworksBuildPhase;
			buildActionMask = 2147483647;
			files = (
			);
			runOnlyForDeploymentPostprocessing = 0;
		};
/* End PBXFrameworksBuildPhase section */

/* Begin PBXGroup section */
		A7741C0F1A86C69B00B64BFE = {
			isa = PBXGroup;
			children = (
				A7741C1A1A86C69B00B64BFE /* codr */,
				A7741C341A86C69B00B64BFE /* codrTests */,
				A7741C191A86C69B00B64BFE /* Products */,
			);
			sourceTree = "<group>";
		};
		A7741C191A86C69B00B64BFE /* Products */ = {
			isa = PBXGroup;
			children = (
				A7741C181A86C69B00B64BFE /* codr.app */,
				A7741C311A86C69B00B64BFE /* codrTests.xctest */,
			);
			name = Products;
			sourceTree = "<group>";
		};
		A7741C1A1A86C69B00B64BFE /* codr */ = {
			isa = PBXGroup;
			children = (
				A7741C1F1A86C69B00B64BFE /* AppDelegate.h */,
				A7741C201A86C69B00B64BFE /* AppDelegate.m */,
				A7741C221A86C69B00B64BFE /* ViewController.h */,
				A7741C231A86C69B00B64BFE /* ViewController.m */,
				A7741C251A86C69B00B64BFE /* Main.storyboard */,
				A7741C281A86C69B00B64BFE /* Images.xcassets */,
				A7741C2A1A86C69B00B64BFE /* LaunchScreen.xib */,
				A7741C1B1A86C69B00B64BFE /* Supporting Files */,
			);
			path = codr;
			sourceTree = "<group>";
		};
		A7741C1B1A86C69B00B64BFE /* Supporting Files */ = {
			isa = PBXGroup;
			children = (
				A7741C1C1A86C69B00B64BFE /* Info.plist */,
				A7741C1D1A86C69B00B64BFE /* main.m */,
			);
			name = "Supporting Files";
			sourceTree = "<group>";
		};
		A7741C341A86C69B00B64BFE /* codrTests */ = {
			isa = PBXGroup;
			children = (
				A7741C371A86C69B00B64BFE /* codrTests.m */,
				A7741C351A86C69B00B64BFE /* Supporting Files */,
			);
			path = codrTests;
			sourceTree = "<group>";
		};
		A7741C351A86C69B00B64BFE /* Supporting Files */ = {
			isa = PBXGroup;
			children = (
				A7741C361A86C69B00B64BFE /* Info.plist */,
			);
			name = "Supporting Files";
			sourceTree = "<group>";
		};
/* End PBXGroup section */

/* Begin PBXNativeTarget section */
		A7741C171A86C69B00B64BFE /* codr */ = {
			isa = PBXNativeTarget;
			buildConfigurationList = A7741C3B1A86C69B00B64BFE /* Build configuration list for PBXNativeTarget "codr" */;
			buildPhases = (
				A7741C141A86C69B00B64BFE /* Sources */,
				A7741C151A86C69B00B64BFE /* Frameworks */,
				A7741C161A86C69B00B64BFE /* Resources */,
			);
			buildRules = (
			);
			dependencies = (
			);
			name = codr;
			productName = codr;
			productReference = A7741C181A86C69B00B64BFE /* codr.app */;
			productType = "com.apple.product-type.application";
		};
		A7741C301A86C69B00B64BFE /* codrTests */ = {
			isa = PBXNativeTarget;
			buildConfigurationList = A7741C3E1A86C69B00B64BFE /* Build configuration list for PBXNativeTarget "codrTests" */;
			buildPhases = (
				A7741C2D1A86C69B00B64BFE /* Sources */,
				A7741C2E1A86C69B00B64BFE /* Frameworks */,
				A7741C2F1A86C69B00B64BFE /* Resources */,
			);
			buildRules = (
			);
			dependencies = (
				A7741C331A86C69B00B64BFE /* PBXTargetDependency */,
			);
			name = codrTests;
			productName = codrTests;
			productReference = A7741C311A86C69B00B64BFE /* codrTests.xctest */;
			productType = "com.apple.product-type.bundle.unit-test";
		};
/* End PBXNativeTarget section */

/* Begin PBXProject section */
		A7741C101A86C69B00B64BFE /* Project object */ = {
			isa = PBXProject;
			attributes = {
				LastUpgradeCheck = 0610;
				ORGANIZATIONNAME = "Omar Mujahid";
				TargetAttributes = {
					A7741C171A86C69B00B64BFE = {
						CreatedOnToolsVersion = 6.1.1;
					};
					A7741C301A86C69B00B64BFE = {
						CreatedOnToolsVersion = 6.1.1;
						TestTargetID = A7741C171A86C69B00B64BFE;
					};
				};
			};
			buildConfigurationList = A7741C131A86C69B00B64BFE /* Build configuration list for PBXProject "codr" */;
			compatibilityVersion = "Xcode 3.2";
			developmentRegion = English;
			hasScannedForEncodings = 0;
			knownRegions = (
				en,
				Base,
			);
			mainGroup = A7741C0F1A86C69B00B64BFE;
			productRefGroup = A7741C191A86C69B00B64BFE /* Products */;
			projectDirPath = "";
			projectRoot = "";
			targets = (
				A7741C171A86C69B00B64BFE /* codr */,
				A7741C301A86C69B00B64BFE /* codrTests */,
			);
		};
/* End PBXProject section */

/* Begin PBXResourcesBuildPhase section */
		A7741C161A86C69B00B64BFE /* Resources */ = {
			isa = PBXResourcesBuildPhase;
			buildActionMask = 2147483647;
			files = (
				A7741C271A86C69B00B64BFE /* Main.storyboard in Resources */,
				A7741C2C1A86C69B00B64BFE /* LaunchScreen.xib in Resources */,
				A7741C291A86C69B00B64BFE /* Images.xcassets in Resources */,
			);
			runOnlyForDeploymentPostprocessing = 0;
		};
		A7741C2F1A86C69B00B64BFE /* Resources */ = {
			isa = PBXResourcesBuildPhase;
			buildActionMask = 2147483647;
			files = (
			);
			runOnlyForDeploymentPostprocessing = 0;
		};
/* End PBXResourcesBuildPhase section */

/* Begin PBXSourcesBuildPhase section */
		A7741C141A86C69B00B64BFE /* Sources */ = {
			isa = PBXSourcesBuildPhase;
			buildActionMask = 2147483647;
			files = (
				A7741C241A86C69B00B64BFE /* ViewController.m in Sources */,
				A7741C211A86C69B00B64BFE /* AppDelegate.m in Sources */,
				A7741C1E1A86C69B00B64BFE /* main.m in Sources */,
			);
			runOnlyForDeploymentPostprocessing = 0;
		};
		A7741C2D1A86C69B00B64BFE /* Sources */ = {
			isa = PBXSourcesBuildPhase;
			buildActionMask = 2147483647;
			files = (
				A7741C381A86C69B00B64BFE /* codrTests.m in Sources */,
			);
			runOnlyForDeploymentPostprocessing = 0;
		};
/* End PBXSourcesBuildPhase section */

/* Begin PBXTargetDependency section */
		A7741C331A86C69B00B64BFE /* PBXTargetDependency */ = {
			isa = PBXTargetDependency;
			target = A7741C171A86C69B00B64BFE /* codr */;
			targetProxy = A7741C321A86C69B00B64BFE /* PBXContainerItemProxy */;
		};
/* End PBXTargetDependency section */

/* Begin PBXVariantGroup section */
		A7741C251A86C69B00B64BFE /* Main.storyboard */ = {
			isa = PBXVariantGroup;
			children = (
				A7741C261A86C69B00B64BFE /* Base */,
			);
			name = Main.storyboard;
			sourceTree = "<group>";
		};
		A7741C2A1A86C69B00B64BFE /* LaunchScreen.xib */ = {
			isa = PBXVariantGroup;
			children = (
				A7741C2B1A86C69B00B64BFE /* Base */,
			);
			name = LaunchScreen.xib;
			sourceTree = "<group>";
		};
/* End PBXVariantGroup section */

/* Begin XCBuildConfiguration section */
		A7741C391A86C69B00B64BFE /* Debug */ = {
			isa = XCBuildConfiguration;
			buildSettings = {
				ALWAYS_SEARCH_USER_PATHS = NO;
				CLANG_CXX_LANGUAGE_STANDARD = "gnu++0x";
				CLANG_CXX_LIBRARY = "libc++";
				CLANG_ENABLE_MODULES = YES;
				CLANG_ENABLE_OBJC_ARC = YES;
				CLANG_WARN_BOOL_CONVERSION = YES;
				CLANG_WARN_CONSTANT_CONVERSION = YES;
				CLANG_WARN_DIRECT_OBJC_ISA_USAGE = YES_ERROR;
				CLANG_WARN_EMPTY_BODY = YES;
				CLANG_WARN_ENUM_CONVERSION = YES;
				CLANG_WARN_INT_CONVERSION = YES;
				CLANG_WARN_OBJC_ROOT_CLASS = YES_ERROR;
				CLANG_WARN_UNREACHABLE_CODE = YES;
				CLANG_WARN__DUPLICATE_METHOD_MATCH = YES;
				CODE_SIGN_IDENTITY = "Omar Mujahid";
				"CODE_SIGN_IDENTITY[sdk=iphoneos*]" = "";
				COPY_PHASE_STRIP = NO;
				ENABLE_STRICT_OBJC_MSGSEND = YES;
				GCC_C_LANGUAGE_STANDARD = gnu99;
				GCC_DYNAMIC_NO_PIC = NO;
				GCC_OPTIMIZATION_LEVEL = 0;
				GCC_PREPROCESSOR_DEFINITIONS = (
					"DEBUG=1",
					"$(inherited)",
				);
				GCC_SYMBOLS_PRIVATE_EXTERN = NO;
				GCC_WARN_64_TO_32_BIT_CONVERSION = YES;
				GCC_WARN_ABOUT_RETURN_TYPE = YES_ERROR;
				GCC_WARN_UNDECLARED_SELECTOR = YES;
				GCC_WARN_UNINITIALIZED_AUTOS = YES_AGGRESSIVE;
				GCC_WARN_UNUSED_FUNCTION = YES;
				GCC_WARN_UNUSED_VARIABLE = YES;
				IPHONEOS_DEPLOYMENT_TARGET = 8.1;
				MTL_ENABLE_DEBUG_INFO = YES;
				ONLY_ACTIVE_ARCH = YES;
				SDKROOT = iphoneos;
				TARGETED_DEVICE_FAMILY = 1;
			};
			name = Debug;
		};
		A7741C3A1A86C69B00B64BFE /* Release */ = {
			isa = XCBuildConfiguration;
			buildSettings = {
				ALWAYS_SEARCH_USER_PATHS = NO;
				CLANG_CXX_LANGUAGE_STANDARD = "gnu++0x";
				CLANG_CXX_LIBRARY = "libc++";
				CLANG_ENABLE_MODULES = YES;
				CLANG_ENABLE_OBJC_ARC = YES;
				CLANG_WARN_BOOL_CONVERSION = YES;
				CLANG_WARN_CONSTANT_CONVERSION = YES;
				CLANG_WARN_DIRECT_OBJC_ISA_USAGE = YES_ERROR;
				CLANG_WARN_EMPTY_BODY = YES;
				CLANG_WARN_ENUM_CONVERSION = YES;
				CLANG_WARN_INT_CONVERSION = YES;
				CLANG_WARN_OBJC_ROOT_CLASS = YES_ERROR;
				CLANG_WARN_UNREACHABLE_CODE = YES;
				CLANG_WARN__DUPLICATE_METHOD_MATCH = YES;
				CODE_SIGN_IDENTITY = "Omar Mujahid";
				"CODE_SIGN_IDENTITY[sdk=iphoneos*]" = "";
				COPY_PHASE_STRIP = YES;
				ENABLE_NS_ASSERTIONS = NO;
				ENABLE_STRICT_OBJC_MSGSEND = YES;
				GCC_C_LANGUAGE_STANDARD = gnu99;
				GCC_WARN_64_TO_32_BIT_CONVERSION = YES;
				GCC_WARN_ABOUT_RETURN_TYPE = YES_ERROR;
				GCC_WARN_UNDECLARED_SELECTOR = YES;
				GCC_WARN_UNINITIALIZED_AUTOS = YES_AGGRESSIVE;
				GCC_WARN_UNUSED_FUNCTION = YES;
				GCC_WARN_UNUSED_VARIABLE = YES;
				IPHONEOS_DEPLOYMENT_TARGET = 8.1;
				MTL_ENABLE_DEBUG_INFO = NO;
				SDKROOT = iphoneos;
				TARGETED_DEVICE_FAMILY = 1;
				VALIDATE_PRODUCT = YES;
			};
			name = Release;
		};
		A7741C3C1A86C69B00B64BFE /* Debug */ = {
			isa = XCBuildConfiguration;
			buildSettings = {
				ASSETCATALOG_COMPILER_APPICON_NAME = AppIcon;
				CODE_SIGN_IDENTITY = "Omar Mujahid";
				"CODE_SIGN_IDENTITY[sdk=iphoneos*]" = "";
				INFOPLIST_FILE = codr/Info.plist;
				LD_RUNPATH_SEARCH_PATHS = "$(inherited) @executable_path/Frameworks";
				PRODUCT_NAME = "$(TARGET_NAME)";
				TARGETED_DEVICE_FAMILY = 1;
			};
			name = Debug;
		};
		A7741C3D1A86C69B00B64BFE /* Release */ = {
			isa = XCBuildConfiguration;
			buildSettings = {
				ASSETCATALOG_COMPILER_APPICON_NAME = AppIcon;
				CODE_SIGN_IDENTITY = "Omar Mujahid";
				"CODE_SIGN_IDENTITY[sdk=iphoneos*]" = "";
				INFOPLIST_FILE = codr/Info.plist;
				LD_RUNPATH_SEARCH_PATHS = "$(inherited) @executable_path/Frameworks";
				PRODUCT_NAME = "$(TARGET_NAME)";
				TARGETED_DEVICE_FAMILY = 1;
			};
			name = Release;
		};
		A7741C3F1A86C69B00B64BFE /* Debug */ = {
			isa = XCBuildConfiguration;
			buildSettings = {
				BUNDLE_LOADER = "$(TEST_HOST)";
				FRAMEWORK_SEARCH_PATHS = (
					"$(SDKROOT)/Developer/Library/Frameworks",
					"$(inherited)",
				);
				GCC_PREPROCESSOR_DEFINITIONS = (
					"DEBUG=1",
					"$(inherited)",
				);
				INFOPLIST_FILE = codrTests/Info.plist;
				LD_RUNPATH_SEARCH_PATHS = "$(inherited) @executable_path/Frameworks @loader_path/Frameworks";
				PRODUCT_NAME = "$(TARGET_NAME)";
				TEST_HOST = "$(BUILT_PRODUCTS_DIR)/codr.app/codr";
			};
			name = Debug;
		};
		A7741C401A86C69B00B64BFE /* Release */ = {
			isa = XCBuildConfiguration;
			buildSettings = {
				BUNDLE_LOADER = "$(TEST_HOST)";
				FRAMEWORK_SEARCH_PATHS = (
					"$(SDKROOT)/Developer/Library/Frameworks",
					"$(inherited)",
				);
				INFOPLIST_FILE = codrTests/Info.plist;
				LD_RUNPATH_SEARCH_PATHS = "$(inherited) @executable_path/Frameworks @loader_path/Frameworks";
				PRODUCT_NAME = "$(TARGET_NAME)";
				TEST_HOST = "$(BUILT_PRODUCTS_DIR)/codr.app/codr";
			};
			name = Release;
		};
/* End XCBuildConfiguration section */

/* Begin XCConfigurationList section */
		A7741C131A86C69B00B64BFE /* Build configuration list for PBXProject "codr" */ = {
			isa = XCConfigurationList;
			buildConfigurations = (
				A7741C391A86C69B00B64BFE /* Debug */,
				A7741C3A1A86C69B00B64BFE /* Release */,
			);
			defaultConfigurationIsVisible = 0;
			defaultConfigurationName = Release;
		};
		A7741C3B1A86C69B00B64BFE /* Build configuration list for PBXNativeTarget "codr" */ = {
			isa = XCConfigurationList;
			buildConfigurations = (
				A7741C3C1A86C69B00B64BFE /* Debug */,
				A7741C3D1A86C69B00B64BFE /* Release */,
			);
			defaultConfigurationIsVisible = 0;
			defaultConfigurationName = Release;
		};
		A7741C3E1A86C69B00B64BFE /* Build configuration list for PBXNativeTarget "codrTests" */ = {
			isa = XCConfigurationList;
			buildConfigurations = (
				A7741C3F1A86C69B00B64BFE /* Debug */,
				A7741C401A86C69B00B64BFE /* Release */,
			);
			defaultConfigurationIsVisible = 0;
			defaultConfigurationName = Release;
		};
/* End XCConfigurationList section */
	};
	rootObject = A7741C101A86C69B00B64BFE /* Project object */;
}
